
Microsoft Visual Studio Solution File, Format Version 12.00
# Visual Studio Version 16
VisualStudioVersion = 16.0.29728.190
MinimumVisualStudioVersion = 10.0.40219.1
Project("{FAE04EC0-301F-11D3-BF4B-00C04F79EFBC}") = "Schcduler", "Schcduler\Schcduler.csproj", "{D96E0ADB-3B74-479E-A889-A6EF27C1B160}"
EndProject
Global
	GlobalSection(SolutionConfigurationPlatforms) = preSolution
		Debug|Any CPU = Debug|Any CPU
		Debug|x86 = Debug|x86
		Release|Any CPU = Release|Any CPU
		Release|x86 = Release|x86
	EndGlobalSection
	GlobalSection(ProjectConfigurationPlatforms) = postSolution
		{D96E0ADB-3B74-479E-A889-A6EF27C1B160}.Debug|Any CPU.ActiveCfg = Debug|Any CPU
		{D96E0ADB-3B74-479E-A889-A6EF27C1B160}.Debug|Any CPU.Build.0 = Debug|Any CPU
		{D96E0ADB-3B74-479E-A889-A6EF27C1B160}.Debug|x86.ActiveCfg = Debug|x86
		{D96E0ADB-3B74-479E-A889-A6EF27C1B160}.Debug|x86.Build.0 = Debug|x86
		{D96E0ADB-3B74-479E-A889-A6EF27C1B160}.Release|Any CPU.ActiveCfg = Release|Any CPU
		{D96E0ADB-3B74-479E-A889-A6EF27C1B160}.Release|Any CPU.Build.0 = Release|Any CPU
		{D96E0ADB-3B74-479E-A889-A6EF27C1B160}.Release|x86.ActiveCfg = Release|x86
		{D96E0ADB-3B74-479E-A889-A6EF27C1B160}.Release|x86.Build.0 = Release|x86
	EndGlobalSection
	GlobalSection(SolutionProperties) = preSolution
		HideSolutionNode = FALSE
	EndGlobalSection
	GlobalSection(ExtensibilityGlobals) = postSolution
		SolutionGuid = {0904352C-29D3-43F7-8A85-A16A0E394611}
	EndGlobalSection
EndGlobal
